
Microsoft Visual Studio Solution File, Format Version 12.00
# Visual Studio 2013
VisualStudioVersion = 12.0.21005.1
MinimumVisualStudioVersion = 10.0.40219.1
Project("{FAE04EC0-301F-11D3-BF4B-00C04F79EFBC}") = "TMC.Web", "TMC\TMC.Web.csproj", "{7F88E760-CFA0-4D95-ACD2-3CB76C9E4AE2}"
EndProject
Project("{FAE04EC0-301F-11D3-BF4B-00C04F79EFBC}") = "TMC.Data", "TMC.Data\TMC.Data.csproj", "{9E11FB7C-F450-4A3E-B462-4480921AA872}"
EndProject
Project("{FAE04EC0-301F-11D3-BF4B-00C04F79EFBC}") = "TMC.Shared", "TMC.Shared\TMC.Shared.csproj", "{E0ED8B3F-7A20-4F1D-A8C4-4D47EBAB8887}"
EndProject
Project("{FAE04EC0-301F-11D3-BF4B-00C04F79EFBC}") = "TMC.EntityDataModel", "TMC.EntityDataModel\TMC.EntityDataModel.csproj", "{4E487C85-D46E-46EA-ADF7-A4E5C0E30446}"
EndProject
Project("{FAE04EC0-301F-11D3-BF4B-00C04F79EFBC}") = "TMC.Service", "TMC.Service\TMC.Service.csproj", "{7D37B952-7DAD-4B08-9547-CE70E2EAA1EB}"
EndProject
Project("{FAE04EC0-301F-11D3-BF4B-00C04F79EFBC}") = "TMC.Business", "TMC.Business\TMC.Business.csproj", "{EEF943A8-AE56-4E48-97EA-23EF825B8C8F}"
EndProject
Project("{FAE04EC0-301F-11D3-BF4B-00C04F79EFBC}") = "TMC.Business.Host", "TMC.Business.Host\TMC.Business.Host.csproj", "{7608B84F-3100-46F5-A486-6800A44C592F}"
EndProject
Project("{FAE04EC0-301F-11D3-BF4B-00C04F79EFBC}") = "TMC.Business.Interfaces", "TMC.Business.Interfaces\TMC.Business.Interfaces.csproj", "{35DA1824-D8DD-4C19-AB5D-E130FDEADAB8}"
EndProject
Project("{2150E333-8FDC-42A3-9474-1A3956D46DE8}") = "02. Business", "02. Business", "{0A31B13F-4364-4444-BFEB-F57E20E7456E}"
EndProject
Project("{2150E333-8FDC-42A3-9474-1A3956D46DE8}") = "01. Presentation", "01. Presentation", "{D90B5B3B-D904-4A50-86CF-1F73E783E6C8}"
EndProject
Project("{FAE04EC0-301F-11D3-BF4B-00C04F79EFBC}") = "TMC.Web.Shared", "TMC.Web.Shared\TMC.Web.Shared.csproj", "{E6AF7F82-C3BD-4BB0-A5A7-FA4A0252F73C}"
EndProject
Project("{2150E333-8FDC-42A3-9474-1A3956D46DE8}") = "03. DAL", "03. DAL", "{5205F388-24BD-45FA-9DA7-5D705B3033CC}"
EndProject
Project("{2150E333-8FDC-42A3-9474-1A3956D46DE8}") = "05. Shared", "05. Shared", "{65036C4D-D88F-4B5F-8384-5C6CEE66B3DC}"
EndProject
Project("{FAE04EC0-301F-11D3-BF4B-00C04F79EFBC}") = "TMC.DTOModel", "TMC.DTOModel\TMC.DTOModel.csproj", "{C8FAB759-65B1-45B1-93DB-5B8BAAF3D5B0}"
EndProject
Global
	GlobalSection(SolutionConfigurationPlatforms) = preSolution
		Debug|Any CPU = Debug|Any CPU
		Release|Any CPU = Release|Any CPU
	EndGlobalSection
	GlobalSection(ProjectConfigurationPlatforms) = postSolution
		{7F88E760-CFA0-4D95-ACD2-3CB76C9E4AE2}.Debug|Any CPU.ActiveCfg = Debug|Any CPU
		{7F88E760-CFA0-4D95-ACD2-3CB76C9E4AE2}.Debug|Any CPU.Build.0 = Debug|Any CPU
		{7F88E760-CFA0-4D95-ACD2-3CB76C9E4AE2}.Release|Any CPU.ActiveCfg = Release|Any CPU
		{7F88E760-CFA0-4D95-ACD2-3CB76C9E4AE2}.Release|Any CPU.Build.0 = Release|Any CPU
		{9E11FB7C-F450-4A3E-B462-4480921AA872}.Debug|Any CPU.ActiveCfg = Debug|Any CPU
		{9E11FB7C-F450-4A3E-B462-4480921AA872}.Debug|Any CPU.Build.0 = Debug|Any CPU
		{9E11FB7C-F450-4A3E-B462-4480921AA872}.Release|Any CPU.ActiveCfg = Release|Any CPU
		{9E11FB7C-F450-4A3E-B462-4480921AA872}.Release|Any CPU.Build.0 = Release|Any CPU
		{E0ED8B3F-7A20-4F1D-A8C4-4D47EBAB8887}.Debug|Any CPU.ActiveCfg = Debug|Any CPU
		{E0ED8B3F-7A20-4F1D-A8C4-4D47EBAB8887}.Debug|Any CPU.Build.0 = Debug|Any CPU
		{E0ED8B3F-7A20-4F1D-A8C4-4D47EBAB8887}.Release|Any CPU.ActiveCfg = Release|Any CPU
		{E0ED8B3F-7A20-4F1D-A8C4-4D47EBAB8887}.Release|Any CPU.Build.0 = Release|Any CPU
		{4E487C85-D46E-46EA-ADF7-A4E5C0E30446}.Debug|Any CPU.ActiveCfg = Debug|Any CPU
		{4E487C85-D46E-46EA-ADF7-A4E5C0E30446}.Debug|Any CPU.Build.0 = Debug|Any CPU
		{4E487C85-D46E-46EA-ADF7-A4E5C0E30446}.Release|Any CPU.ActiveCfg = Release|Any CPU
		{4E487C85-D46E-46EA-ADF7-A4E5C0E30446}.Release|Any CPU.Build.0 = Release|Any CPU
		{7D37B952-7DAD-4B08-9547-CE70E2EAA1EB}.Debug|Any CPU.ActiveCfg = Debug|Any CPU
		{7D37B952-7DAD-4B08-9547-CE70E2EAA1EB}.Debug|Any CPU.Build.0 = Debug|Any CPU
		{7D37B952-7DAD-4B08-9547-CE70E2EAA1EB}.Release|Any CPU.ActiveCfg = Release|Any CPU
		{7D37B952-7DAD-4B08-9547-CE70E2EAA1EB}.Release|Any CPU.Build.0 = Release|Any CPU
		{EEF943A8-AE56-4E48-97EA-23EF825B8C8F}.Debug|Any CPU.ActiveCfg = Debug|Any CPU
		{EEF943A8-AE56-4E48-97EA-23EF825B8C8F}.Debug|Any CPU.Build.0 = Debug|Any CPU
		{EEF943A8-AE56-4E48-97EA-23EF825B8C8F}.Release|Any CPU.ActiveCfg = Release|Any CPU
		{EEF943A8-AE56-4E48-97EA-23EF825B8C8F}.Release|Any CPU.Build.0 = Release|Any CPU
		{7608B84F-3100-46F5-A486-6800A44C592F}.Debug|Any CPU.ActiveCfg = Debug|Any CPU
		{7608B84F-3100-46F5-A486-6800A44C592F}.Debug|Any CPU.Build.0 = Debug|Any CPU
		{7608B84F-3100-46F5-A486-6800A44C592F}.Release|Any CPU.ActiveCfg = Release|Any CPU
		{7608B84F-3100-46F5-A486-6800A44C592F}.Release|Any CPU.Build.0 = Release|Any CPU
		{35DA1824-D8DD-4C19-AB5D-E130FDEADAB8}.Debug|Any CPU.ActiveCfg = Debug|Any CPU
		{35DA1824-D8DD-4C19-AB5D-E130FDEADAB8}.Debug|Any CPU.Build.0 = Debug|Any CPU
		{35DA1824-D8DD-4C19-AB5D-E130FDEADAB8}.Release|Any CPU.ActiveCfg = Release|Any CPU
		{35DA1824-D8DD-4C19-AB5D-E130FDEADAB8}.Release|Any CPU.Build.0 = Release|Any CPU
		{E6AF7F82-C3BD-4BB0-A5A7-FA4A0252F73C}.Debug|Any CPU.ActiveCfg = Debug|Any CPU
		{E6AF7F82-C3BD-4BB0-A5A7-FA4A0252F73C}.Debug|Any CPU.Build.0 = Debug|Any CPU
		{E6AF7F82-C3BD-4BB0-A5A7-FA4A0252F73C}.Release|Any CPU.ActiveCfg = Release|Any CPU
		{E6AF7F82-C3BD-4BB0-A5A7-FA4A0252F73C}.Release|Any CPU.Build.0 = Release|Any CPU
		{C8FAB759-65B1-45B1-93DB-5B8BAAF3D5B0}.Debug|Any CPU.ActiveCfg = Debug|Any CPU
		{C8FAB759-65B1-45B1-93DB-5B8BAAF3D5B0}.Debug|Any CPU.Build.0 = Debug|Any CPU
		{C8FAB759-65B1-45B1-93DB-5B8BAAF3D5B0}.Release|Any CPU.ActiveCfg = Release|Any CPU
		{C8FAB759-65B1-45B1-93DB-5B8BAAF3D5B0}.Release|Any CPU.Build.0 = Release|Any CPU
	EndGlobalSection
	GlobalSection(SolutionProperties) = preSolution
		HideSolutionNode = FALSE
	EndGlobalSection
	GlobalSection(NestedProjects) = preSolution
		{EEF943A8-AE56-4E48-97EA-23EF825B8C8F} = {0A31B13F-4364-4444-BFEB-F57E20E7456E}
		{7608B84F-3100-46F5-A486-6800A44C592F} = {0A31B13F-4364-4444-BFEB-F57E20E7456E}
		{35DA1824-D8DD-4C19-AB5D-E130FDEADAB8} = {0A31B13F-4364-4444-BFEB-F57E20E7456E}
		{7F88E760-CFA0-4D95-ACD2-3CB76C9E4AE2} = {D90B5B3B-D904-4A50-86CF-1F73E783E6C8}
		{E6AF7F82-C3BD-4BB0-A5A7-FA4A0252F73C} = {D90B5B3B-D904-4A50-86CF-1F73E783E6C8}
		{9E11FB7C-F450-4A3E-B462-4480921AA872} = {5205F388-24BD-45FA-9DA7-5D705B3033CC}
		{4E487C85-D46E-46EA-ADF7-A4E5C0E30446} = {5205F388-24BD-45FA-9DA7-5D705B3033CC}
		{E0ED8B3F-7A20-4F1D-A8C4-4D47EBAB8887} = {65036C4D-D88F-4B5F-8384-5C6CEE66B3DC}
		{C8FAB759-65B1-45B1-93DB-5B8BAAF3D5B0} = {65036C4D-D88F-4B5F-8384-5C6CEE66B3DC}
	EndGlobalSection
EndGlobal
